
Microsoft Visual Studio Solution File, Format Version 12.00
# Visual Studio Version 17
VisualStudioVersion = 17.0.32014.148
MinimumVisualStudioVersion = 10.0.40219.1
Project("{FAE04EC0-301F-11D3-BF4B-00C04F79EFBC}") = "CRUDPROJECT_1", "CRUDPROJECT_1\CRUDPROJECT_1.csproj", "{CDBC21E9-8B4D-4E6E-B40D-317353C1A09A}"
EndProject
Global
	GlobalSection(SolutionConfigurationPlatforms) = preSolution
		Debug|Any CPU = Debug|Any CPU
		Release|Any CPU = Release|Any CPU
	EndGlobalSection
	GlobalSection(ProjectConfigurationPlatforms) = postSolution
		{CDBC21E9-8B4D-4E6E-B40D-317353C1A09A}.Debug|Any CPU.ActiveCfg = Debug|Any CPU
		{CDBC21E9-8B4D-4E6E-B40D-317353C1A09A}.Debug|Any CPU.Build.0 = Debug|Any CPU
		{CDBC21E9-8B4D-4E6E-B40D-317353C1A09A}.Release|Any CPU.ActiveCfg = Release|Any CPU
		{CDBC21E9-8B4D-4E6E-B40D-317353C1A09A}.Release|Any CPU.Build.0 = Release|Any CPU
	EndGlobalSection
	GlobalSection(SolutionProperties) = preSolution
		HideSolutionNode = FALSE
	EndGlobalSection
	GlobalSection(ExtensibilityGlobals) = postSolution
		SolutionGuid = {210BCE91-A97D-465A-B36F-63F0530513D7}
	EndGlobalSection
EndGlobal
